
Microsoft Visual Studio Solution File, Format Version 12.00
# Visual Studio 15
VisualStudioVersion = 15.0.28307.168
MinimumVisualStudioVersion = 10.0.40219.1
Project("{8BC9CEB8-8B4A-11D0-8D11-00A0C91BC942}") = "ccp_neighbors", "ccp_neighbors.vcxproj", "{38772AB6-CDBC-4E1C-BDBC-A406DE7B384C}"
EndProject
Global
	GlobalSection(SolutionConfigurationPlatforms) = preSolution
		Debug|x64 = Debug|x64
		Debug|x86 = Debug|x86
		Release|x64 = Release|x64
		Release|x86 = Release|x86
	EndGlobalSection
	GlobalSection(ProjectConfigurationPlatforms) = postSolution
		{38772AB6-CDBC-4E1C-BDBC-A406DE7B384C}.Debug|x64.ActiveCfg = Debug|x64
		{38772AB6-CDBC-4E1C-BDBC-A406DE7B384C}.Debug|x64.Build.0 = Debug|x64
		{38772AB6-CDBC-4E1C-BDBC-A406DE7B384C}.Debug|x86.ActiveCfg = Debug|Win32
		{38772AB6-CDBC-4E1C-BDBC-A406DE7B384C}.Debug|x86.Build.0 = Debug|Win32
		{38772AB6-CDBC-4E1C-BDBC-A406DE7B384C}.Release|x64.ActiveCfg = Release|x64
		{38772AB6-CDBC-4E1C-BDBC-A406DE7B384C}.Release|x64.Build.0 = Release|x64
		{38772AB6-CDBC-4E1C-BDBC-A406DE7B384C}.Release|x86.ActiveCfg = Release|Win32
		{38772AB6-CDBC-4E1C-BDBC-A406DE7B384C}.Release|x86.Build.0 = Release|Win32
	EndGlobalSection
	GlobalSection(SolutionProperties) = preSolution
		HideSolutionNode = FALSE
	EndGlobalSection
	GlobalSection(ExtensibilityGlobals) = postSolution
		SolutionGuid = {29642445-1124-4C19-B027-C8389D77FBBC}
	EndGlobalSection
EndGlobal
